
Microsoft Visual Studio Solution File, Format Version 12.00
# Visual Studio Version 16
VisualStudioVersion = 16.0.810.22
MinimumVisualStudioVersion = 10.0.40219.1
Project("{FAE04EC0-301F-11D3-BF4B-00C04F79EFBC}") = "RailwaySystem", "RailwaySystem\RailwaySystem.csproj", "{ED9D3493-D26C-4360-99A3-DC3103B8565D}"
EndProject
Global
	GlobalSection(SolutionConfigurationPlatforms) = preSolution
		Debug|Any CPU = Debug|Any CPU
		Release|Any CPU = Release|Any CPU
	EndGlobalSection
	GlobalSection(ProjectConfigurationPlatforms) = postSolution
		{ED9D3493-D26C-4360-99A3-DC3103B8565D}.Debug|Any CPU.ActiveCfg = Debug|Any CPU
		{ED9D3493-D26C-4360-99A3-DC3103B8565D}.Debug|Any CPU.Build.0 = Debug|Any CPU
		{ED9D3493-D26C-4360-99A3-DC3103B8565D}.Release|Any CPU.ActiveCfg = Release|Any CPU
		{ED9D3493-D26C-4360-99A3-DC3103B8565D}.Release|Any CPU.Build.0 = Release|Any CPU
	EndGlobalSection
	GlobalSection(SolutionProperties) = preSolution
		HideSolutionNode = FALSE
	EndGlobalSection
	GlobalSection(ExtensibilityGlobals) = postSolution
		SolutionGuid = {2F676B6E-8198-4EDD-B205-A1D2C33BA5E8}
	EndGlobalSection
EndGlobal
